
Microsoft Visual Studio Solution File, Format Version 12.00
# Visual Studio Version 17
VisualStudioVersion = 17.0.32112.339
MinimumVisualStudioVersion = 10.0.40219.1
Project("{FAE04EC0-301F-11D3-BF4B-00C04F79EFBC}") = "CarsCollections", "CarsCollections.csproj", "{460C34B0-060D-4347-8CEE-851C5D31860C}"
EndProject
Project("{9A19103F-16F7-4668-BE54-9A1E7A4F7556}") = "CarPark", "..\CarPark\CarPark.csproj", "{2C84F040-EB44-47AA-98A4-F44363E44022}"
EndProject
Global
	GlobalSection(SolutionConfigurationPlatforms) = preSolution
		Debug|Any CPU = Debug|Any CPU
		Release|Any CPU = Release|Any CPU
	EndGlobalSection
	GlobalSection(ProjectConfigurationPlatforms) = postSolution
		{460C34B0-060D-4347-8CEE-851C5D31860C}.Debug|Any CPU.ActiveCfg = Debug|Any CPU
		{460C34B0-060D-4347-8CEE-851C5D31860C}.Debug|Any CPU.Build.0 = Debug|Any CPU
		{460C34B0-060D-4347-8CEE-851C5D31860C}.Release|Any CPU.ActiveCfg = Release|Any CPU
		{460C34B0-060D-4347-8CEE-851C5D31860C}.Release|Any CPU.Build.0 = Release|Any CPU
		{2C84F040-EB44-47AA-98A4-F44363E44022}.Debug|Any CPU.ActiveCfg = Debug|Any CPU
		{2C84F040-EB44-47AA-98A4-F44363E44022}.Debug|Any CPU.Build.0 = Debug|Any CPU
		{2C84F040-EB44-47AA-98A4-F44363E44022}.Release|Any CPU.ActiveCfg = Release|Any CPU
		{2C84F040-EB44-47AA-98A4-F44363E44022}.Release|Any CPU.Build.0 = Release|Any CPU
	EndGlobalSection
	GlobalSection(SolutionProperties) = preSolution
		HideSolutionNode = FALSE
	EndGlobalSection
	GlobalSection(ExtensibilityGlobals) = postSolution
		SolutionGuid = {EAC76BCE-BED2-4986-8C0E-FA13BB524BD2}
	EndGlobalSection
EndGlobal
